
Microsoft Visual Studio Solution File, Format Version 12.00
# Visual Studio Version 17
VisualStudioVersion = 17.10.34916.146
MinimumVisualStudioVersion = 10.0.40219.1
Project("{FAE04EC0-301F-11D3-BF4B-00C04F79EFBC}") = "AjaxImplementation", "AjaxImplementation\AjaxImplementation.csproj", "{0A4FA6A1-DBBA-4492-926B-F0D11EB6AC1D}"
EndProject
Global
	GlobalSection(SolutionConfigurationPlatforms) = preSolution
		Debug|Any CPU = Debug|Any CPU
		Release|Any CPU = Release|Any CPU
	EndGlobalSection
	GlobalSection(ProjectConfigurationPlatforms) = postSolution
		{0A4FA6A1-DBBA-4492-926B-F0D11EB6AC1D}.Debug|Any CPU.ActiveCfg = Debug|Any CPU
		{0A4FA6A1-DBBA-4492-926B-F0D11EB6AC1D}.Debug|Any CPU.Build.0 = Debug|Any CPU
		{0A4FA6A1-DBBA-4492-926B-F0D11EB6AC1D}.Release|Any CPU.ActiveCfg = Release|Any CPU
		{0A4FA6A1-DBBA-4492-926B-F0D11EB6AC1D}.Release|Any CPU.Build.0 = Release|Any CPU
	EndGlobalSection
	GlobalSection(SolutionProperties) = preSolution
		HideSolutionNode = FALSE
	EndGlobalSection
	GlobalSection(ExtensibilityGlobals) = postSolution
		SolutionGuid = {ACBCC797-BA1E-44A6-99D2-B5A64F8212CB}
	EndGlobalSection
EndGlobal
